// !$*UTF8*$!
{
	archiveVersion = 1;
	classes = {
	};
	objectVersion = 46;
	objects = {

/* Begin PBXBuildFile section */
		C959E2D21A86B9AA00718B48 /* main.m in Sources */ = {isa = PBXBuildFile; fileRef = C959E2D11A86B9AA00718B48 /* main.m */; };
		C959E2D51A86B9AA00718B48 /* AppDelegate.m in Sources */ = {isa = PBXBuildFile; fileRef = C959E2D41A86B9AA00718B48 /* AppDelegate.m */; };
		C959E2D81A86B9AA00718B48 /* ViewController.m in Sources */ = {isa = PBXBuildFile; fileRef = C959E2D71A86B9AA00718B48 /* ViewController.m */; };
		C959E2DB1A86B9AA00718B48 /* Main.storyboard in Resources */ = {isa = PBXBuildFile; fileRef = C959E2D91A86B9AA00718B48 /* Main.storyboard */; };
		C959E2DD1A86B9AA00718B48 /* Images.xcassets in Resources */ = {isa = PBXBuildFile; fileRef = C959E2DC1A86B9AA00718B48 /* Images.xcassets */; };
		C959E2E01A86B9AA00718B48 /* LaunchScreen.xib in Resources */ = {isa = PBXBuildFile; fileRef = C959E2DE1A86B9AA00718B48 /* LaunchScreen.xib */; };
		C959E2EC1A86B9AA00718B48 /* hackatbrown_2015Tests.m in Sources */ = {isa = PBXBuildFile; fileRef = C959E2EB1A86B9AA00718B48 /* hackatbrown_2015Tests.m */; };
/* End PBXBuildFile section */

/* Begin PBXContainerItemProxy section */
		C959E2E61A86B9AA00718B48 /* PBXContainerItemProxy */ = {
			isa = PBXContainerItemProxy;
			containerPortal = C959E2C41A86B9AA00718B48 /* Project object */;
			proxyType = 1;
			remoteGlobalIDString = C959E2CB1A86B9AA00718B48;
			remoteInfo = "hackatbrown-2015";
		};
/* End PBXContainerItemProxy section */

/* Begin PBXFileReference section */
		C959E2CC1A86B9AA00718B48 /* hackatbrown-2015.app */ = {isa = PBXFileReference; explicitFileType = wrapper.application; includeInIndex = 0; path = "hackatbrown-2015.app"; sourceTree = BUILT_PRODUCTS_DIR; };
		C959E2D01A86B9AA00718B48 /* Info.plist */ = {isa = PBXFileReference; lastKnownFileType = text.plist.xml; path = Info.plist; sourceTree = "<group>"; };
		C959E2D11A86B9AA00718B48 /* main.m */ = {isa = PBXFileReference; lastKnownFileType = sourcecode.c.objc; path = main.m; sourceTree = "<group>"; };
		C959E2D31A86B9AA00718B48 /* AppDelegate.h */ = {isa = PBXFileReference; lastKnownFileType = sourcecode.c.h; path = AppDelegate.h; sourceTree = "<group>"; };
		C959E2D41A86B9AA00718B48 /* AppDelegate.m */ = {isa = PBXFileReference; lastKnownFileType = sourcecode.c.objc; path = AppDelegate.m; sourceTree = "<group>"; };
		C959E2D61A86B9AA00718B48 /* ViewController.h */ = {isa = PBXFileReference; lastKnownFileType = sourcecode.c.h; path = ViewController.h; sourceTree = "<group>"; };
		C959E2D71A86B9AA00718B48 /* ViewController.m */ = {isa = PBXFileReference; lastKnownFileType = sourcecode.c.objc; path = ViewController.m; sourceTree = "<group>"; };
		C959E2DA1A86B9AA00718B48 /* Base */ = {isa = PBXFileReference; lastKnownFileType = file.storyboard; name = Base; path = Base.lproj/Main.storyboard; sourceTree = "<group>"; };
		C959E2DC1A86B9AA00718B48 /* Images.xcassets */ = {isa = PBXFileReference; lastKnownFileType = folder.assetcatalog; path = Images.xcassets; sourceTree = "<group>"; };
		C959E2DF1A86B9AA00718B48 /* Base */ = {isa = PBXFileReference; lastKnownFileType = file.xib; name = Base; path = Base.lproj/LaunchScreen.xib; sourceTree = "<group>"; };
		C959E2E51A86B9AA00718B48 /* hackatbrown-2015Tests.xctest */ = {isa = PBXFileReference; explicitFileType = wrapper.cfbundle; includeInIndex = 0; path = "hackatbrown-2015Tests.xctest"; sourceTree = BUILT_PRODUCTS_DIR; };
		C959E2EA1A86B9AA00718B48 /* Info.plist */ = {isa = PBXFileReference; lastKnownFileType = text.plist.xml; path = Info.plist; sourceTree = "<group>"; };
		C959E2EB1A86B9AA00718B48 /* hackatbrown_2015Tests.m */ = {isa = PBXFileReference; lastKnownFileType = sourcecode.c.objc; path = hackatbrown_2015Tests.m; sourceTree = "<group>"; };
/* End PBXFileReference section */

/* Begin PBXFrameworksBuildPhase section */
		C959E2C91A86B9AA00718B48 /* Frameworks */ = {
			isa = PBXFrameworksBuildPhase;
			buildActionMask = 2147483647;
			files = (
			);
			runOnlyForDeploymentPostprocessing = 0;
		};
		C959E2E21A86B9AA00718B48 /* Frameworks */ = {
			isa = PBXFrameworksBuildPhase;
			buildActionMask = 2147483647;
			files = (
			);
			runOnlyForDeploymentPostprocessing = 0;
		};
/* End PBXFrameworksBuildPhase section */

/* Begin PBXGroup section */
		C959E2C31A86B9AA00718B48 = {
			isa = PBXGroup;
			children = (
				C959E2CE1A86B9AA00718B48 /* hackatbrown-2015 */,
				C959E2E81A86B9AA00718B48 /* hackatbrown-2015Tests */,
				C959E2CD1A86B9AA00718B48 /* Products */,
			);
			sourceTree = "<group>";
		};
		C959E2CD1A86B9AA00718B48 /* Products */ = {
			isa = PBXGroup;
			children = (
				C959E2CC1A86B9AA00718B48 /* hackatbrown-2015.app */,
				C959E2E51A86B9AA00718B48 /* hackatbrown-2015Tests.xctest */,
			);
			name = Products;
			sourceTree = "<group>";
		};
		C959E2CE1A86B9AA00718B48 /* hackatbrown-2015 */ = {
			isa = PBXGroup;
			children = (
				C959E2D31A86B9AA00718B48 /* AppDelegate.h */,
				C959E2D41A86B9AA00718B48 /* AppDelegate.m */,
				C959E2D61A86B9AA00718B48 /* ViewController.h */,
				C959E2D71A86B9AA00718B48 /* ViewController.m */,
				C959E2D91A86B9AA00718B48 /* Main.storyboard */,
				C959E2DC1A86B9AA00718B48 /* Images.xcassets */,
				C959E2DE1A86B9AA00718B48 /* LaunchScreen.xib */,
				C959E2CF1A86B9AA00718B48 /* Supporting Files */,
			);
			path = "hackatbrown-2015";
			sourceTree = "<group>";
		};
		C959E2CF1A86B9AA00718B48 /* Supporting Files */ = {
			isa = PBXGroup;
			children = (
				C959E2D01A86B9AA00718B48 /* Info.plist */,
				C959E2D11A86B9AA00718B48 /* main.m */,
			);
			name = "Supporting Files";
			sourceTree = "<group>";
		};
		C959E2E81A86B9AA00718B48 /* hackatbrown-2015Tests */ = {
			isa = PBXGroup;
			children = (
				C959E2EB1A86B9AA00718B48 /* hackatbrown_2015Tests.m */,
				C959E2E91A86B9AA00718B48 /* Supporting Files */,
			);
			path = "hackatbrown-2015Tests";
			sourceTree = "<group>";
		};
		C959E2E91A86B9AA00718B48 /* Supporting Files */ = {
			isa = PBXGroup;
			children = (
				C959E2EA1A86B9AA00718B48 /* Info.plist */,
			);
			name = "Supporting Files";
			sourceTree = "<group>";
		};
/* End PBXGroup section */

/* Begin PBXNativeTarget section */
		C959E2CB1A86B9AA00718B48 /* hackatbrown-2015 */ = {
			isa = PBXNativeTarget;
			buildConfigurationList = C959E2EF1A86B9AA00718B48 /* Build configuration list for PBXNativeTarget "hackatbrown-2015" */;
			buildPhases = (
				C959E2C81A86B9AA00718B48 /* Sources */,
				C959E2C91A86B9AA00718B48 /* Frameworks */,
				C959E2CA1A86B9AA00718B48 /* Resources */,
			);
			buildRules = (
			);
			dependencies = (
			);
			name = "hackatbrown-2015";
			productName = "hackatbrown-2015";
			productReference = C959E2CC1A86B9AA00718B48 /* hackatbrown-2015.app */;
			productType = "com.apple.product-type.application";
		};
		C959E2E41A86B9AA00718B48 /* hackatbrown-2015Tests */ = {
			isa = PBXNativeTarget;
			buildConfigurationList = C959E2F21A86B9AA00718B48 /* Build configuration list for PBXNativeTarget "hackatbrown-2015Tests" */;
			buildPhases = (
				C959E2E11A86B9AA00718B48 /* Sources */,
				C959E2E21A86B9AA00718B48 /* Frameworks */,
				C959E2E31A86B9AA00718B48 /* Resources */,
			);
			buildRules = (
			);
			dependencies = (
				C959E2E71A86B9AA00718B48 /* PBXTargetDependency */,
			);
			name = "hackatbrown-2015Tests";
			productName = "hackatbrown-2015Tests";
			productReference = C959E2E51A86B9AA00718B48 /* hackatbrown-2015Tests.xctest */;
			productType = "com.apple.product-type.bundle.unit-test";
		};
/* End PBXNativeTarget section */

/* Begin PBXProject section */
		C959E2C41A86B9AA00718B48 /* Project object */ = {
			isa = PBXProject;
			attributes = {
				LastUpgradeCheck = 0610;
				ORGANIZATIONNAME = "Matthew Cooper";
				TargetAttributes = {
					C959E2CB1A86B9AA00718B48 = {
						CreatedOnToolsVersion = 6.1.1;
					};
					C959E2E41A86B9AA00718B48 = {
						CreatedOnToolsVersion = 6.1.1;
						TestTargetID = C959E2CB1A86B9AA00718B48;
					};
				};
			};
			buildConfigurationList = C959E2C71A86B9AA00718B48 /* Build configuration list for PBXProject "hackatbrown-2015" */;
			compatibilityVersion = "Xcode 3.2";
			developmentRegion = English;
			hasScannedForEncodings = 0;
			knownRegions = (
				en,
				Base,
			);
			mainGroup = C959E2C31A86B9AA00718B48;
			productRefGroup = C959E2CD1A86B9AA00718B48 /* Products */;
			projectDirPath = "";
			projectRoot = "";
			targets = (
				C959E2CB1A86B9AA00718B48 /* hackatbrown-2015 */,
				C959E2E41A86B9AA00718B48 /* hackatbrown-2015Tests */,
			);
		};
/* End PBXProject section */

/* Begin PBXResourcesBuildPhase section */
		C959E2CA1A86B9AA00718B48 /* Resources */ = {
			isa = PBXResourcesBuildPhase;
			buildActionMask = 2147483647;
			files = (
				C959E2DB1A86B9AA00718B48 /* Main.storyboard in Resources */,
				C959E2E01A86B9AA00718B48 /* LaunchScreen.xib in Resources */,
				C959E2DD1A86B9AA00718B48 /* Images.xcassets in Resources */,
			);
			runOnlyForDeploymentPostprocessing = 0;
		};
		C959E2E31A86B9AA00718B48 /* Resources */ = {
			isa = PBXResourcesBuildPhase;
			buildActionMask = 2147483647;
			files = (
			);
			runOnlyForDeploymentPostprocessing = 0;
		};
/* End PBXResourcesBuildPhase section */

/* Begin PBXSourcesBuildPhase section */
		C959E2C81A86B9AA00718B48 /* Sources */ = {
			isa = PBXSourcesBuildPhase;
			buildActionMask = 2147483647;
			files = (
				C959E2D81A86B9AA00718B48 /* ViewController.m in Sources */,
				C959E2D51A86B9AA00718B48 /* AppDelegate.m in Sources */,
				C959E2D21A86B9AA00718B48 /* main.m in Sources */,
			);
			runOnlyForDeploymentPostprocessing = 0;
		};
		C959E2E11A86B9AA00718B48 /* Sources */ = {
			isa = PBXSourcesBuildPhase;
			buildActionMask = 2147483647;
			files = (
				C959E2EC1A86B9AA00718B48 /* hackatbrown_2015Tests.m in Sources */,
			);
			runOnlyForDeploymentPostprocessing = 0;
		};
/* End PBXSourcesBuildPhase section */

/* Begin PBXTargetDependency section */
		C959E2E71A86B9AA00718B48 /* PBXTargetDependency */ = {
			isa = PBXTargetDependency;
			target = C959E2CB1A86B9AA00718B48 /* hackatbrown-2015 */;
			targetProxy = C959E2E61A86B9AA00718B48 /* PBXContainerItemProxy */;
		};
/* End PBXTargetDependency section */

/* Begin PBXVariantGroup section */
		C959E2D91A86B9AA00718B48 /* Main.storyboard */ = {
			isa = PBXVariantGroup;
			children = (
				C959E2DA1A86B9AA00718B48 /* Base */,
			);
			name = Main.storyboard;
			sourceTree = "<group>";
		};
		C959E2DE1A86B9AA00718B48 /* LaunchScreen.xib */ = {
			isa = PBXVariantGroup;
			children = (
				C959E2DF1A86B9AA00718B48 /* Base */,
			);
			name = LaunchScreen.xib;
			sourceTree = "<group>";
		};
/* End PBXVariantGroup section */

/* Begin XCBuildConfiguration section */
		C959E2ED1A86B9AA00718B48 /* Debug */ = {
			isa = XCBuildConfiguration;
			buildSettings = {
				ALWAYS_SEARCH_USER_PATHS = NO;
				CLANG_CXX_LANGUAGE_STANDARD = "gnu++0x";
				CLANG_CXX_LIBRARY = "libc++";
				CLANG_ENABLE_MODULES = YES;
				CLANG_ENABLE_OBJC_ARC = YES;
				CLANG_WARN_BOOL_CONVERSION = YES;
				CLANG_WARN_CONSTANT_CONVERSION = YES;
				CLANG_WARN_DIRECT_OBJC_ISA_USAGE = YES_ERROR;
				CLANG_WARN_EMPTY_BODY = YES;
				CLANG_WARN_ENUM_CONVERSION = YES;
				CLANG_WARN_INT_CONVERSION = YES;
				CLANG_WARN_OBJC_ROOT_CLASS = YES_ERROR;
				CLANG_WARN_UNREACHABLE_CODE = YES;
				CLANG_WARN__DUPLICATE_METHOD_MATCH = YES;
				"CODE_SIGN_IDENTITY[sdk=iphoneos*]" = "iPhone Developer";
				COPY_PHASE_STRIP = NO;
				ENABLE_STRICT_OBJC_MSGSEND = YES;
				GCC_C_LANGUAGE_STANDARD = gnu99;
				GCC_DYNAMIC_NO_PIC = NO;
				GCC_OPTIMIZATION_LEVEL = 0;
				GCC_PREPROCESSOR_DEFINITIONS = (
					"DEBUG=1",
					"$(inherited)",
				);
				GCC_SYMBOLS_PRIVATE_EXTERN = NO;
				GCC_WARN_64_TO_32_BIT_CONVERSION = YES;
				GCC_WARN_ABOUT_RETURN_TYPE = YES_ERROR;
				GCC_WARN_UNDECLARED_SELECTOR = YES;
				GCC_WARN_UNINITIALIZED_AUTOS = YES_AGGRESSIVE;
				GCC_WARN_UNUSED_FUNCTION = YES;
				GCC_WARN_UNUSED_VARIABLE = YES;
				IPHONEOS_DEPLOYMENT_TARGET = 8.1;
				MTL_ENABLE_DEBUG_INFO = YES;
				ONLY_ACTIVE_ARCH = YES;
				SDKROOT = iphoneos;
			};
			name = Debug;
		};
		C959E2EE1A86B9AA00718B48 /* Release */ = {
			isa = XCBuildConfiguration;
			buildSettings = {
				ALWAYS_SEARCH_USER_PATHS = NO;
				CLANG_CXX_LANGUAGE_STANDARD = "gnu++0x";
				CLANG_CXX_LIBRARY = "libc++";
				CLANG_ENABLE_MODULES = YES;
				CLANG_ENABLE_OBJC_ARC = YES;
				CLANG_WARN_BOOL_CONVERSION = YES;
				CLANG_WARN_CONSTANT_CONVERSION = YES;
				CLANG_WARN_DIRECT_OBJC_ISA_USAGE = YES_ERROR;
				CLANG_WARN_EMPTY_BODY = YES;
				CLANG_WARN_ENUM_CONVERSION = YES;
				CLANG_WARN_INT_CONVERSION = YES;
				CLANG_WARN_OBJC_ROOT_CLASS = YES_ERROR;
				CLANG_WARN_UNREACHABLE_CODE = YES;
				CLANG_WARN__DUPLICATE_METHOD_MATCH = YES;
				"CODE_SIGN_IDENTITY[sdk=iphoneos*]" = "iPhone Developer";
				COPY_PHASE_STRIP = YES;
				ENABLE_NS_ASSERTIONS = NO;
				ENABLE_STRICT_OBJC_MSGSEND = YES;
				GCC_C_LANGUAGE_STANDARD = gnu99;
				GCC_WARN_64_TO_32_BIT_CONVERSION = YES;
				GCC_WARN_ABOUT_RETURN_TYPE = YES_ERROR;
				GCC_WARN_UNDECLARED_SELECTOR = YES;
				GCC_WARN_UNINITIALIZED_AUTOS = YES_AGGRESSIVE;
				GCC_WARN_UNUSED_FUNCTION = YES;
				GCC_WARN_UNUSED_VARIABLE = YES;
				IPHONEOS_DEPLOYMENT_TARGET = 8.1;
				MTL_ENABLE_DEBUG_INFO = NO;
				SDKROOT = iphoneos;
				VALIDATE_PRODUCT = YES;
			};
			name = Release;
		};
		C959E2F01A86B9AA00718B48 /* Debug */ = {
			isa = XCBuildConfiguration;
			buildSettings = {
				ASSETCATALOG_COMPILER_APPICON_NAME = AppIcon;
				INFOPLIST_FILE = "hackatbrown-2015/Info.plist";
				LD_RUNPATH_SEARCH_PATHS = "$(inherited) @executable_path/Frameworks";
				PRODUCT_NAME = "$(TARGET_NAME)";
			};
			name = Debug;
		};
		C959E2F11A86B9AA00718B48 /* Release */ = {
			isa = XCBuildConfiguration;
			buildSettings = {
				ASSETCATALOG_COMPILER_APPICON_NAME = AppIcon;
				INFOPLIST_FILE = "hackatbrown-2015/Info.plist";
				LD_RUNPATH_SEARCH_PATHS = "$(inherited) @executable_path/Frameworks";
				PRODUCT_NAME = "$(TARGET_NAME)";
			};
			name = Release;
		};
		C959E2F31A86B9AA00718B48 /* Debug */ = {
			isa = XCBuildConfiguration;
			buildSettings = {
				BUNDLE_LOADER = "$(TEST_HOST)";
				FRAMEWORK_SEARCH_PATHS = (
					"$(SDKROOT)/Developer/Library/Frameworks",
					"$(inherited)",
				);
				GCC_PREPROCESSOR_DEFINITIONS = (
					"DEBUG=1",
					"$(inherited)",
				);
				INFOPLIST_FILE = "hackatbrown-2015Tests/Info.plist";
				LD_RUNPATH_SEARCH_PATHS = "$(inherited) @executable_path/Frameworks @loader_path/Frameworks";
				PRODUCT_NAME = "$(TARGET_NAME)";
				TEST_HOST = "$(BUILT_PRODUCTS_DIR)/hackatbrown-2015.app/hackatbrown-2015";
			};
			name = Debug;
		};
		C959E2F41A86B9AA00718B48 /* Release */ = {
			isa = XCBuildConfiguration;
			buildSettings = {
				BUNDLE_LOADER = "$(TEST_HOST)";
				FRAMEWORK_SEARCH_PATHS = (
					"$(SDKROOT)/Developer/Library/Frameworks",
					"$(inherited)",
				);
				INFOPLIST_FILE = "hackatbrown-2015Tests/Info.plist";
				LD_RUNPATH_SEARCH_PATHS = "$(inherited) @executable_path/Frameworks @loader_path/Frameworks";
				PRODUCT_NAME = "$(TARGET_NAME)";
				TEST_HOST = "$(BUILT_PRODUCTS_DIR)/hackatbrown-2015.app/hackatbrown-2015";
			};
			name = Release;
		};
/* End XCBuildConfiguration section */

/* Begin XCConfigurationList section */
		C959E2C71A86B9AA00718B48 /* Build configuration list for PBXProject "hackatbrown-2015" */ = {
			isa = XCConfigurationList;
			buildConfigurations = (
				C959E2ED1A86B9AA00718B48 /* Debug */,
				C959E2EE1A86B9AA00718B48 /* Release */,
			);
			defaultConfigurationIsVisible = 0;
			defaultConfigurationName = Release;
		};
		C959E2EF1A86B9AA00718B48 /* Build configuration list for PBXNativeTarget "hackatbrown-2015" */ = {
			isa = XCConfigurationList;
			buildConfigurations = (
				C959E2F01A86B9AA00718B48 /* Debug */,
				C959E2F11A86B9AA00718B48 /* Release */,
			);
			defaultConfigurationIsVisible = 0;
		};
		C959E2F21A86B9AA00718B48 /* Build configuration list for PBXNativeTarget "hackatbrown-2015Tests" */ = {
			isa = XCConfigurationList;
			buildConfigurations = (
				C959E2F31A86B9AA00718B48 /* Debug */,
				C959E2F41A86B9AA00718B48 /* Release */,
			);
			defaultConfigurationIsVisible = 0;
		};
/* End XCConfigurationList section */
	};
	rootObject = C959E2C41A86B9AA00718B48 /* Project object */;
}
